// !$*UTF8*$!
{
	archiveVersion = 1;
	classes = {
	};
	objectVersion = 56;
	objects = {

/* Begin PBXBuildFile section */
		A10000000000000000000017 /* PicoShopApp.swift in Sources */ = {isa = PBXBuildFile; fileRef = A10000000000000000000016 /* PicoShopApp.swift */; };
		A10000000000000000000019 /* ProjectIO.swift in Sources */ = {isa = PBXBuildFile; fileRef = A10000000000000000000018 /* ProjectIO.swift */; };
		A1000000000000000000001B /* ToolTypes.swift in Sources */ = {isa = PBXBuildFile; fileRef = A1000000000000000000001A /* ToolTypes.swift */; };
		A1000000000000000000001F /* AppModel.swift in Sources */ = {isa = PBXBuildFile; fileRef = A1000000000000000000001E /* AppModel.swift */; };
		A10000000000000000000021 /* AppModel+File.swift in Sources */ = {isa = PBXBuildFile; fileRef = A10000000000000000000020 /* AppModel+File.swift */; };
		A10000000000000000000023 /* CanvasView.swift in Sources */ = {isa = PBXBuildFile; fileRef = A10000000000000000000022 /* CanvasView.swift */; };
		A10000000000000000000025 /* LoupeWindow.swift in Sources */ = {isa = PBXBuildFile; fileRef = A10000000000000000000024 /* LoupeWindow.swift */; };
		A1000000000000000000009D /* FloatingPanel.swift in Sources */ = {isa = PBXBuildFile; fileRef = A1000000000000000000009C /* FloatingPanel.swift */; };
		A10000000000000000000027 /* Helpers.swift in Sources */ = {isa = PBXBuildFile; fileRef = A10000000000000000000026 /* Helpers.swift */; };
		A10000000000000000000029 /* Dialogs.swift in Sources */ = {isa = PBXBuildFile; fileRef = A10000000000000000000028 /* Dialogs.swift */; };
		A1000000000000000000002B /* ContentView.swift in Sources */ = {isa = PBXBuildFile; fileRef = A1000000000000000000002A /* ContentView.swift */; };
		A1000000000000000000002D /* OptionsPanel.swift in Sources */ = {isa = PBXBuildFile; fileRef = A1000000000000000000002C /* OptionsPanel.swift */; };
		A1000000000000000000002F /* SidePanel.swift in Sources */ = {isa = PBXBuildFile; fileRef = A1000000000000000000002E /* SidePanel.swift */; };
		A10000000000000000000031 /* TextRenderer.swift in Sources */ = {isa = PBXBuildFile; fileRef = A10000000000000000000030 /* TextRenderer.swift */; };
		A10000000000000000000033 /* ColorRangeEngine.swift in Sources */ = {isa = PBXBuildFile; fileRef = A10000000000000000000032 /* ColorRangeEngine.swift */; };
		A10000000000000000000035 /* SelectionMask.swift in Sources */ = {isa = PBXBuildFile; fileRef = A10000000000000000000034 /* SelectionMask.swift */; };
		A10000000000000000000037 /* PixelBuffer.swift in Sources */ = {isa = PBXBuildFile; fileRef = A10000000000000000000036 /* PixelBuffer.swift */; };
		A10000000000000000000039 /* Layer.swift in Sources */ = {isa = PBXBuildFile; fileRef = A10000000000000000000038 /* Layer.swift */; };
		A1000000000000000000003B /* HoverState.swift in Sources */ = {isa = PBXBuildFile; fileRef = A1000000000000000000003A /* HoverState.swift */; };
		A1000000000000000000003D /* CanvasMetalView.swift in Sources */ = {isa = PBXBuildFile; fileRef = A1000000000000000000003C /* CanvasMetalView.swift */; };
		A1000000000000000000003F /* GPUCompositor.swift in Sources */ = {isa = PBXBuildFile; fileRef = A1000000000000000000003E /* GPUCompositor.swift */; };
		A10000000000000000000041 /* LayerTextureStore.swift in Sources */ = {isa = PBXBuildFile; fileRef = A10000000000000000000040 /* LayerTextureStore.swift */; };
		A10000000000000000000043 /* LoupeMetalView.swift in Sources */ = {isa = PBXBuildFile; fileRef = A10000000000000000000042 /* LoupeMetalView.swift */; };
		A10000000000000000000045 /* MetalEngine.swift in Sources */ = {isa = PBXBuildFile; fileRef = A10000000000000000000044 /* MetalEngine.swift */; };
		A10000000000000000000047 /* NavigatorMetalView.swift in Sources */ = {isa = PBXBuildFile; fileRef = A10000000000000000000046 /* NavigatorMetalView.swift */; };
		A10000000000000000000049 /* OverlayRenderer.swift in Sources */ = {isa = PBXBuildFile; fileRef = A10000000000000000000048 /* OverlayRenderer.swift */; };
		A1000000000000000000004B /* OverlayScene.swift in Sources */ = {isa = PBXBuildFile; fileRef = A1000000000000000000004A /* OverlayScene.swift */; };
		A1000000000000000000004D /* ShaderSource.swift in Sources */ = {isa = PBXBuildFile; fileRef = A1000000000000000000004C /* ShaderSource.swift */; };
		A10000000000000000000050 /* AppModel+DocumentLayerOperations.swift in Sources */ = {isa = PBXBuildFile; fileRef = A10000000000000000000051 /* AppModel+DocumentLayerOperations.swift */; };
		A10000000000000000000052 /* AppModel+CanvasOperations.swift in Sources */ = {isa = PBXBuildFile; fileRef = A10000000000000000000053 /* AppModel+CanvasOperations.swift */; };
		A10000000000000000000054 /* AppModel+SelectionOperations.swift in Sources */ = {isa = PBXBuildFile; fileRef = A10000000000000000000055 /* AppModel+SelectionOperations.swift */; };
		A10000000000000000000056 /* AppModel+PixelEditOperations.swift in Sources */ = {isa = PBXBuildFile; fileRef = A10000000000000000000057 /* AppModel+PixelEditOperations.swift */; };
		A10000000000000000000058 /* AppModel+MoveTransformOperations.swift in Sources */ = {isa = PBXBuildFile; fileRef = A10000000000000000000059 /* AppModel+MoveTransformOperations.swift */; };
		A1000000000000000000005A /* AppModel+TransformOperations.swift in Sources */ = {isa = PBXBuildFile; fileRef = A1000000000000000000005B /* AppModel+TransformOperations.swift */; };
		A1000000000000000000005C /* AppModel+EditOperations.swift in Sources */ = {isa = PBXBuildFile; fileRef = A1000000000000000000005D /* AppModel+EditOperations.swift */; };
		A1000000000000000000005E /* SelectionOptionsViews.swift in Sources */ = {isa = PBXBuildFile; fileRef = A1000000000000000000005F /* SelectionOptionsViews.swift */; };
		A10000000000000000000060 /* TransformOptionsViews.swift in Sources */ = {isa = PBXBuildFile; fileRef = A10000000000000000000061 /* TransformOptionsViews.swift */; };
		A10000000000000000000062 /* EditOptionsViews.swift in Sources */ = {isa = PBXBuildFile; fileRef = A10000000000000000000063 /* EditOptionsViews.swift */; };
		A10000000000000000000064 /* AppModel+Startup.swift in Sources */ = {isa = PBXBuildFile; fileRef = A10000000000000000000065 /* AppModel+Startup.swift */; };
		A10000000000000000000066 /* AppModel+LayerAccess.swift in Sources */ = {isa = PBXBuildFile; fileRef = A10000000000000000000067 /* AppModel+LayerAccess.swift */; };
		A10000000000000000000068 /* AppModel+Compositing.swift in Sources */ = {isa = PBXBuildFile; fileRef = A10000000000000000000069 /* AppModel+Compositing.swift */; };
		A1000000000000000000006A /* AppModel+Viewport.swift in Sources */ = {isa = PBXBuildFile; fileRef = A1000000000000000000006B /* AppModel+Viewport.swift */; };
		A1000000000000000000006C /* AppModel+Undo.swift in Sources */ = {isa = PBXBuildFile; fileRef = A1000000000000000000006D /* AppModel+Undo.swift */; };
		A1000000000000000000006E /* AppModel+Keyboard.swift in Sources */ = {isa = PBXBuildFile; fileRef = A1000000000000000000006F /* AppModel+Keyboard.swift */; };
		A10000000000000000000070 /* AppModel+TransformHandles.swift in Sources */ = {isa = PBXBuildFile; fileRef = A10000000000000000000071 /* AppModel+TransformHandles.swift */; };
		A10000000000000000000072 /* CanvasCursors.swift in Sources */ = {isa = PBXBuildFile; fileRef = A10000000000000000000073 /* CanvasCursors.swift */; };
		A10000000000000000000074 /* CanvasDragHandling.swift in Sources */ = {isa = PBXBuildFile; fileRef = A10000000000000000000075 /* CanvasDragHandling.swift */; };
		A10000000000000000000076 /* CanvasInteraction.swift in Sources */ = {isa = PBXBuildFile; fileRef = A10000000000000000000077 /* CanvasInteraction.swift */; };
		A10000000000000000000078 /* MoveTransformOptionsView.swift in Sources */ = {isa = PBXBuildFile; fileRef = A10000000000000000000079 /* MoveTransformOptionsView.swift */; };
		A1000000000000000000007A /* LayerMoveOptionsView.swift in Sources */ = {isa = PBXBuildFile; fileRef = A1000000000000000000007B /* LayerMoveOptionsView.swift */; };
		A1000000000000000000007C /* PixelTransformOptionsView.swift in Sources */ = {isa = PBXBuildFile; fileRef = A1000000000000000000007D /* PixelTransformOptionsView.swift */; };
		A1000000000000000000007E /* CanvasImageRenderer.swift in Sources */ = {isa = PBXBuildFile; fileRef = A1000000000000000000007F /* CanvasImageRenderer.swift */; };
		A10000000000000000000080 /* CanvasOverlaySceneBuilder.swift in Sources */ = {isa = PBXBuildFile; fileRef = A10000000000000000000081 /* CanvasOverlaySceneBuilder.swift */; };
		A10000000000000000000082 /* CanvasSelectionOverlayRenderer.swift in Sources */ = {isa = PBXBuildFile; fileRef = A10000000000000000000083 /* CanvasSelectionOverlayRenderer.swift */; };
		A10000000000000000000084 /* CanvasRulerRenderer.swift in Sources */ = {isa = PBXBuildFile; fileRef = A10000000000000000000085 /* CanvasRulerRenderer.swift */; };
		A10000000000000000000086 /* CanvasTransformDragging.swift in Sources */ = {isa = PBXBuildFile; fileRef = A10000000000000000000087 /* CanvasTransformDragging.swift */; };
		A10000000000000000000088 /* NavigatorPanel.swift in Sources */ = {isa = PBXBuildFile; fileRef = A10000000000000000000089 /* NavigatorPanel.swift */; };
		A1000000000000000000008A /* LayerPalette.swift in Sources */ = {isa = PBXBuildFile; fileRef = A1000000000000000000008B /* LayerPalette.swift */; };
		A1000000000000000000008C /* LayerDetailView.swift in Sources */ = {isa = PBXBuildFile; fileRef = A1000000000000000000008D /* LayerDetailView.swift */; };
		A10000000000000000000090 /* TransformFieldMath.swift in Sources */ = {isa = PBXBuildFile; fileRef = A10000000000000000000091 /* TransformFieldMath.swift */; };
		A10000000000000000000092 /* MetalQuadEncoder.swift in Sources */ = {isa = PBXBuildFile; fileRef = A10000000000000000000093 /* MetalQuadEncoder.swift */; };
		A10000000000000000000094 /* CanvasOutlineRenderer.swift in Sources */ = {isa = PBXBuildFile; fileRef = A10000000000000000000095 /* CanvasOutlineRenderer.swift */; };
		A10000000000000000000096 /* PixelTransformEngine.swift in Sources */ = {isa = PBXBuildFile; fileRef = A10000000000000000000097 /* PixelTransformEngine.swift */; };
		A10000000000000000000098 /* AppModel+AsyncTasks.swift in Sources */ = {isa = PBXBuildFile; fileRef = A10000000000000000000099 /* AppModel+AsyncTasks.swift */; };
		A1000000000000000000009A /* LayerThumbnailMetalView.swift in Sources */ = {isa = PBXBuildFile; fileRef = A1000000000000000000009B /* LayerThumbnailMetalView.swift */; };
/* End PBXBuildFile section */

/* Begin PBXFileReference section */
		A10000000000000000000004 /* PicoShop.app */ = {isa = PBXFileReference; explicitFileType = wrapper.application; includeInIndex = 0; path = PicoShop.app; sourceTree = BUILT_PRODUCTS_DIR; };
		A10000000000000000000015 /* PicoShop.entitlements */ = {isa = PBXFileReference; lastKnownFileType = text.plist.entitlements; path = PicoShop.entitlements; sourceTree = "<group>"; };
		A10000000000000000000016 /* PicoShopApp.swift */ = {isa = PBXFileReference; lastKnownFileType = sourcecode.swift; path = PicoShopApp.swift; sourceTree = "<group>"; };
		A10000000000000000000018 /* ProjectIO.swift */ = {isa = PBXFileReference; lastKnownFileType = sourcecode.swift; path = ProjectIO.swift; sourceTree = "<group>"; };
		A1000000000000000000001A /* ToolTypes.swift */ = {isa = PBXFileReference; lastKnownFileType = sourcecode.swift; path = ToolTypes.swift; sourceTree = "<group>"; };
		A1000000000000000000001E /* AppModel.swift */ = {isa = PBXFileReference; lastKnownFileType = sourcecode.swift; path = AppModel.swift; sourceTree = "<group>"; };
		A10000000000000000000020 /* AppModel+File.swift */ = {isa = PBXFileReference; lastKnownFileType = sourcecode.swift; path = "AppModel+File.swift"; sourceTree = "<group>"; };
		A10000000000000000000022 /* CanvasView.swift */ = {isa = PBXFileReference; lastKnownFileType = sourcecode.swift; path = CanvasView.swift; sourceTree = "<group>"; };
		A10000000000000000000024 /* LoupeWindow.swift */ = {isa = PBXFileReference; lastKnownFileType = sourcecode.swift; path = LoupeWindow.swift; sourceTree = "<group>"; };
		A1000000000000000000009C /* FloatingPanel.swift */ = {isa = PBXFileReference; lastKnownFileType = sourcecode.swift; path = FloatingPanel.swift; sourceTree = "<group>"; };
		A10000000000000000000026 /* Helpers.swift */ = {isa = PBXFileReference; lastKnownFileType = sourcecode.swift; path = Helpers.swift; sourceTree = "<group>"; };
		A10000000000000000000028 /* Dialogs.swift */ = {isa = PBXFileReference; lastKnownFileType = sourcecode.swift; path = Dialogs.swift; sourceTree = "<group>"; };
		A1000000000000000000002A /* ContentView.swift */ = {isa = PBXFileReference; lastKnownFileType = sourcecode.swift; path = ContentView.swift; sourceTree = "<group>"; };
		A1000000000000000000002C /* OptionsPanel.swift */ = {isa = PBXFileReference; lastKnownFileType = sourcecode.swift; path = OptionsPanel.swift; sourceTree = "<group>"; };
		A1000000000000000000002E /* SidePanel.swift */ = {isa = PBXFileReference; lastKnownFileType = sourcecode.swift; path = SidePanel.swift; sourceTree = "<group>"; };
		A10000000000000000000030 /* TextRenderer.swift */ = {isa = PBXFileReference; lastKnownFileType = sourcecode.swift; path = TextRenderer.swift; sourceTree = "<group>"; };
		A10000000000000000000032 /* ColorRangeEngine.swift */ = {isa = PBXFileReference; lastKnownFileType = sourcecode.swift; path = ColorRangeEngine.swift; sourceTree = "<group>"; };
		A10000000000000000000034 /* SelectionMask.swift */ = {isa = PBXFileReference; lastKnownFileType = sourcecode.swift; path = SelectionMask.swift; sourceTree = "<group>"; };
		A10000000000000000000036 /* PixelBuffer.swift */ = {isa = PBXFileReference; lastKnownFileType = sourcecode.swift; path = PixelBuffer.swift; sourceTree = "<group>"; };
		A10000000000000000000038 /* Layer.swift */ = {isa = PBXFileReference; lastKnownFileType = sourcecode.swift; path = Layer.swift; sourceTree = "<group>"; };
		A1000000000000000000003A /* HoverState.swift */ = {isa = PBXFileReference; lastKnownFileType = sourcecode.swift; path = HoverState.swift; sourceTree = "<group>"; };
		A1000000000000000000003C /* CanvasMetalView.swift */ = {isa = PBXFileReference; lastKnownFileType = sourcecode.swift; path = CanvasMetalView.swift; sourceTree = "<group>"; };
		A1000000000000000000003E /* GPUCompositor.swift */ = {isa = PBXFileReference; lastKnownFileType = sourcecode.swift; path = GPUCompositor.swift; sourceTree = "<group>"; };
		A10000000000000000000040 /* LayerTextureStore.swift */ = {isa = PBXFileReference; lastKnownFileType = sourcecode.swift; path = LayerTextureStore.swift; sourceTree = "<group>"; };
		A10000000000000000000042 /* LoupeMetalView.swift */ = {isa = PBXFileReference; lastKnownFileType = sourcecode.swift; path = LoupeMetalView.swift; sourceTree = "<group>"; };
		A10000000000000000000044 /* MetalEngine.swift */ = {isa = PBXFileReference; lastKnownFileType = sourcecode.swift; path = MetalEngine.swift; sourceTree = "<group>"; };
		A10000000000000000000046 /* NavigatorMetalView.swift */ = {isa = PBXFileReference; lastKnownFileType = sourcecode.swift; path = NavigatorMetalView.swift; sourceTree = "<group>"; };
		A10000000000000000000048 /* OverlayRenderer.swift */ = {isa = PBXFileReference; lastKnownFileType = sourcecode.swift; path = OverlayRenderer.swift; sourceTree = "<group>"; };
		A1000000000000000000004A /* OverlayScene.swift */ = {isa = PBXFileReference; lastKnownFileType = sourcecode.swift; path = OverlayScene.swift; sourceTree = "<group>"; };
		A1000000000000000000004C /* ShaderSource.swift */ = {isa = PBXFileReference; lastKnownFileType = sourcecode.swift; path = ShaderSource.swift; sourceTree = "<group>"; };
		A10000000000000000000051 /* AppModel+DocumentLayerOperations.swift */ = {isa = PBXFileReference; lastKnownFileType = sourcecode.swift; path = "AppModel+DocumentLayerOperations.swift"; sourceTree = "<group>"; };
		A10000000000000000000053 /* AppModel+CanvasOperations.swift */ = {isa = PBXFileReference; lastKnownFileType = sourcecode.swift; path = "AppModel+CanvasOperations.swift"; sourceTree = "<group>"; };
		A10000000000000000000055 /* AppModel+SelectionOperations.swift */ = {isa = PBXFileReference; lastKnownFileType = sourcecode.swift; path = "AppModel+SelectionOperations.swift"; sourceTree = "<group>"; };
		A10000000000000000000057 /* AppModel+PixelEditOperations.swift */ = {isa = PBXFileReference; lastKnownFileType = sourcecode.swift; path = "AppModel+PixelEditOperations.swift"; sourceTree = "<group>"; };
		A10000000000000000000059 /* AppModel+MoveTransformOperations.swift */ = {isa = PBXFileReference; lastKnownFileType = sourcecode.swift; path = "AppModel+MoveTransformOperations.swift"; sourceTree = "<group>"; };
		A1000000000000000000005B /* AppModel+TransformOperations.swift */ = {isa = PBXFileReference; lastKnownFileType = sourcecode.swift; path = "AppModel+TransformOperations.swift"; sourceTree = "<group>"; };
		A1000000000000000000005D /* AppModel+EditOperations.swift */ = {isa = PBXFileReference; lastKnownFileType = sourcecode.swift; path = "AppModel+EditOperations.swift"; sourceTree = "<group>"; };
		A1000000000000000000005F /* SelectionOptionsViews.swift */ = {isa = PBXFileReference; lastKnownFileType = sourcecode.swift; path = SelectionOptionsViews.swift; sourceTree = "<group>"; };
		A10000000000000000000061 /* TransformOptionsViews.swift */ = {isa = PBXFileReference; lastKnownFileType = sourcecode.swift; path = TransformOptionsViews.swift; sourceTree = "<group>"; };
		A10000000000000000000063 /* EditOptionsViews.swift */ = {isa = PBXFileReference; lastKnownFileType = sourcecode.swift; path = EditOptionsViews.swift; sourceTree = "<group>"; };
		A10000000000000000000065 /* AppModel+Startup.swift */ = {isa = PBXFileReference; lastKnownFileType = sourcecode.swift; path = "AppModel+Startup.swift"; sourceTree = "<group>"; };
		A10000000000000000000067 /* AppModel+LayerAccess.swift */ = {isa = PBXFileReference; lastKnownFileType = sourcecode.swift; path = "AppModel+LayerAccess.swift"; sourceTree = "<group>"; };
		A10000000000000000000069 /* AppModel+Compositing.swift */ = {isa = PBXFileReference; lastKnownFileType = sourcecode.swift; path = "AppModel+Compositing.swift"; sourceTree = "<group>"; };
		A1000000000000000000006B /* AppModel+Viewport.swift */ = {isa = PBXFileReference; lastKnownFileType = sourcecode.swift; path = "AppModel+Viewport.swift"; sourceTree = "<group>"; };
		A1000000000000000000006D /* AppModel+Undo.swift */ = {isa = PBXFileReference; lastKnownFileType = sourcecode.swift; path = "AppModel+Undo.swift"; sourceTree = "<group>"; };
		A1000000000000000000006F /* AppModel+Keyboard.swift */ = {isa = PBXFileReference; lastKnownFileType = sourcecode.swift; path = "AppModel+Keyboard.swift"; sourceTree = "<group>"; };
		A10000000000000000000071 /* AppModel+TransformHandles.swift */ = {isa = PBXFileReference; lastKnownFileType = sourcecode.swift; path = "AppModel+TransformHandles.swift"; sourceTree = "<group>"; };
		A10000000000000000000073 /* CanvasCursors.swift */ = {isa = PBXFileReference; lastKnownFileType = sourcecode.swift; path = "CanvasCursors.swift"; sourceTree = "<group>"; };
		A10000000000000000000075 /* CanvasDragHandling.swift */ = {isa = PBXFileReference; lastKnownFileType = sourcecode.swift; path = CanvasDragHandling.swift; sourceTree = "<group>"; };
		A10000000000000000000077 /* CanvasInteraction.swift */ = {isa = PBXFileReference; lastKnownFileType = sourcecode.swift; path = CanvasInteraction.swift; sourceTree = "<group>"; };
		A10000000000000000000079 /* MoveTransformOptionsView.swift */ = {isa = PBXFileReference; lastKnownFileType = sourcecode.swift; path = MoveTransformOptionsView.swift; sourceTree = "<group>"; };
		A1000000000000000000007B /* LayerMoveOptionsView.swift */ = {isa = PBXFileReference; lastKnownFileType = sourcecode.swift; path = LayerMoveOptionsView.swift; sourceTree = "<group>"; };
		A1000000000000000000007D /* PixelTransformOptionsView.swift */ = {isa = PBXFileReference; lastKnownFileType = sourcecode.swift; path = PixelTransformOptionsView.swift; sourceTree = "<group>"; };
		A1000000000000000000007F /* CanvasImageRenderer.swift */ = {isa = PBXFileReference; lastKnownFileType = sourcecode.swift; path = CanvasImageRenderer.swift; sourceTree = "<group>"; };
		A10000000000000000000081 /* CanvasOverlaySceneBuilder.swift */ = {isa = PBXFileReference; lastKnownFileType = sourcecode.swift; path = CanvasOverlaySceneBuilder.swift; sourceTree = "<group>"; };
		A10000000000000000000083 /* CanvasSelectionOverlayRenderer.swift */ = {isa = PBXFileReference; lastKnownFileType = sourcecode.swift; path = CanvasSelectionOverlayRenderer.swift; sourceTree = "<group>"; };
		A10000000000000000000085 /* CanvasRulerRenderer.swift */ = {isa = PBXFileReference; lastKnownFileType = sourcecode.swift; path = CanvasRulerRenderer.swift; sourceTree = "<group>"; };
		A10000000000000000000087 /* CanvasTransformDragging.swift */ = {isa = PBXFileReference; lastKnownFileType = sourcecode.swift; path = CanvasTransformDragging.swift; sourceTree = "<group>"; };
		A10000000000000000000089 /* NavigatorPanel.swift */ = {isa = PBXFileReference; lastKnownFileType = sourcecode.swift; path = NavigatorPanel.swift; sourceTree = "<group>"; };
		A1000000000000000000008B /* LayerPalette.swift */ = {isa = PBXFileReference; lastKnownFileType = sourcecode.swift; path = LayerPalette.swift; sourceTree = "<group>"; };
		A1000000000000000000008D /* LayerDetailView.swift */ = {isa = PBXFileReference; lastKnownFileType = sourcecode.swift; path = LayerDetailView.swift; sourceTree = "<group>"; };
		A10000000000000000000091 /* TransformFieldMath.swift */ = {isa = PBXFileReference; lastKnownFileType = sourcecode.swift; path = TransformFieldMath.swift; sourceTree = "<group>"; };
		A10000000000000000000093 /* MetalQuadEncoder.swift */ = {isa = PBXFileReference; lastKnownFileType = sourcecode.swift; path = MetalQuadEncoder.swift; sourceTree = "<group>"; };
		A10000000000000000000095 /* CanvasOutlineRenderer.swift */ = {isa = PBXFileReference; lastKnownFileType = sourcecode.swift; path = CanvasOutlineRenderer.swift; sourceTree = "<group>"; };
		A10000000000000000000097 /* PixelTransformEngine.swift */ = {isa = PBXFileReference; lastKnownFileType = sourcecode.swift; path = PixelTransformEngine.swift; sourceTree = "<group>"; };
		A10000000000000000000099 /* AppModel+AsyncTasks.swift */ = {isa = PBXFileReference; lastKnownFileType = sourcecode.swift; path = "AppModel+AsyncTasks.swift"; sourceTree = "<group>"; };
		A1000000000000000000009B /* LayerThumbnailMetalView.swift */ = {isa = PBXFileReference; lastKnownFileType = sourcecode.swift; path = LayerThumbnailMetalView.swift; sourceTree = "<group>"; };
/* End PBXFileReference section */

/* Begin PBXFrameworksBuildPhase section */
		A1000000000000000000000D /* Frameworks */ = {
			isa = PBXFrameworksBuildPhase;
			buildActionMask = 2147483647;
			files = (
			);
			runOnlyForDeploymentPostprocessing = 0;
		};
/* End PBXFrameworksBuildPhase section */

/* Begin PBXGroup section */
		A10000000000000000000002 /* PicoShop */ = {
			isa = PBXGroup;
			children = (
				A1000000000000000000000F /* Sources */,
				A10000000000000000000015 /* PicoShop.entitlements */,
				A10000000000000000000003 /* Products */,
			);
			sourceTree = "<group>";
		};
		A10000000000000000000003 /* Products */ = {
			isa = PBXGroup;
			children = (
				A10000000000000000000004 /* PicoShop.app */,
			);
			name = Products;
			sourceTree = "<group>";
		};
		A1000000000000000000000F /* Sources */ = {
			isa = PBXGroup;
			children = (
				A10000000000000000000010 /* PicoShop */,
			);
			path = Sources;
			sourceTree = "<group>";
		};
		A10000000000000000000010 /* PicoShop */ = {
			isa = PBXGroup;
			children = (
				A10000000000000000000016 /* PicoShopApp.swift */,
				A10000000000000000000011 /* IO */,
				A10000000000000000000012 /* Model */,
				A10000000000000000000013 /* Views */,
				A10000000000000000000014 /* Engine */,
				A1000000000000000000004E /* Metal */,
			);
			path = PicoShop;
			sourceTree = "<group>";
		};
		A1000000000000000000004E /* Metal */ = {
			isa = PBXGroup;
			children = (
				A1000000000000000000003C /* CanvasMetalView.swift */,
				A10000000000000000000093 /* MetalQuadEncoder.swift */,
				A1000000000000000000007F /* CanvasImageRenderer.swift */,
				A10000000000000000000081 /* CanvasOverlaySceneBuilder.swift */,
				A10000000000000000000095 /* CanvasOutlineRenderer.swift */,
				A10000000000000000000083 /* CanvasSelectionOverlayRenderer.swift */,
				A10000000000000000000085 /* CanvasRulerRenderer.swift */,
				A1000000000000000000003E /* GPUCompositor.swift */,
				A10000000000000000000040 /* LayerTextureStore.swift */,
				A1000000000000000000009B /* LayerThumbnailMetalView.swift */,
				A10000000000000000000042 /* LoupeMetalView.swift */,
				A10000000000000000000044 /* MetalEngine.swift */,
				A10000000000000000000046 /* NavigatorMetalView.swift */,
				A10000000000000000000048 /* OverlayRenderer.swift */,
				A1000000000000000000004A /* OverlayScene.swift */,
				A1000000000000000000004C /* ShaderSource.swift */,
			);
			path = Metal;
			sourceTree = "<group>";
		};
		A10000000000000000000011 /* IO */ = {
			isa = PBXGroup;
			children = (
				A10000000000000000000018 /* ProjectIO.swift */,
			);
			path = IO;
			sourceTree = "<group>";
		};
		A10000000000000000000012 /* Model */ = {
			isa = PBXGroup;
			children = (
				A1000000000000000000001E /* AppModel.swift */,
				A10000000000000000000065 /* AppModel+Startup.swift */,
				A10000000000000000000067 /* AppModel+LayerAccess.swift */,
				A10000000000000000000069 /* AppModel+Compositing.swift */,
				A1000000000000000000006B /* AppModel+Viewport.swift */,
				A1000000000000000000006D /* AppModel+Undo.swift */,
				A1000000000000000000006F /* AppModel+Keyboard.swift */,
				A10000000000000000000071 /* AppModel+TransformHandles.swift */,
				A10000000000000000000051 /* AppModel+DocumentLayerOperations.swift */,
				A10000000000000000000053 /* AppModel+CanvasOperations.swift */,
				A10000000000000000000055 /* AppModel+SelectionOperations.swift */,
				A10000000000000000000057 /* AppModel+PixelEditOperations.swift */,
				A10000000000000000000059 /* AppModel+MoveTransformOperations.swift */,
				A10000000000000000000099 /* AppModel+AsyncTasks.swift */,
				A1000000000000000000005B /* AppModel+TransformOperations.swift */,
				A1000000000000000000005D /* AppModel+EditOperations.swift */,
				A10000000000000000000020 /* AppModel+File.swift */,
				A1000000000000000000001A /* ToolTypes.swift */,
				A1000000000000000000003A /* HoverState.swift */,
			);
			path = Model;
			sourceTree = "<group>";
		};
		A10000000000000000000013 /* Views */ = {
			isa = PBXGroup;
			children = (
				A1000000000000000000002A /* ContentView.swift */,
				A10000000000000000000022 /* CanvasView.swift */,
				A10000000000000000000075 /* CanvasDragHandling.swift */,
				A10000000000000000000087 /* CanvasTransformDragging.swift */,
				A10000000000000000000077 /* CanvasInteraction.swift */,
				A10000000000000000000073 /* CanvasCursors.swift */,
				A10000000000000000000024 /* LoupeWindow.swift */,
				A1000000000000000000009C /* FloatingPanel.swift */,
				A10000000000000000000028 /* Dialogs.swift */,
				A10000000000000000000026 /* Helpers.swift */,
				A1000000000000000000002C /* OptionsPanel.swift */,
				A1000000000000000000005F /* SelectionOptionsViews.swift */,
				A10000000000000000000061 /* TransformOptionsViews.swift */,
				A10000000000000000000091 /* TransformFieldMath.swift */,
				A10000000000000000000079 /* MoveTransformOptionsView.swift */,
				A1000000000000000000007B /* LayerMoveOptionsView.swift */,
				A1000000000000000000007D /* PixelTransformOptionsView.swift */,
				A10000000000000000000063 /* EditOptionsViews.swift */,
				A1000000000000000000002E /* SidePanel.swift */,
				A1000000000000000000008D /* LayerDetailView.swift */,
				A1000000000000000000008B /* LayerPalette.swift */,
				A10000000000000000000089 /* NavigatorPanel.swift */,
			);
			path = Views;
			sourceTree = "<group>";
		};
		A10000000000000000000014 /* Engine */ = {
			isa = PBXGroup;
			children = (
				A10000000000000000000030 /* TextRenderer.swift */,
				A10000000000000000000032 /* ColorRangeEngine.swift */,
				A10000000000000000000034 /* SelectionMask.swift */,
				A10000000000000000000036 /* PixelBuffer.swift */,
				A10000000000000000000097 /* PixelTransformEngine.swift */,
				A10000000000000000000038 /* Layer.swift */,
			);
			path = Engine;
			sourceTree = "<group>";
		};
/* End PBXGroup section */

/* Begin PBXNativeTarget section */
		A10000000000000000000005 /* PicoShop */ = {
			isa = PBXNativeTarget;
			buildConfigurationList = A10000000000000000000007 /* Build configuration list for PBXNativeTarget "PicoShop" */;
			buildPhases = (
				A1000000000000000000000C /* Sources */,
				A1000000000000000000000D /* Frameworks */,
				A1000000000000000000000E /* Resources */,
			);
			buildRules = (
			);
			dependencies = (
			);
			name = PicoShop;
			productName = PicoShop;
			productReference = A10000000000000000000004 /* PicoShop.app */;
			productType = "com.apple.product-type.application";
		};
/* End PBXNativeTarget section */

/* Begin PBXProject section */
		A10000000000000000000001 /* Project object */ = {
			isa = PBXProject;
			attributes = {
				BuildIndependentTargetsInParallel = 1;
				LastSwiftUpdateCheck = 1540;
				LastUpgradeCheck = 1540;
				TargetAttributes = {
					A10000000000000000000005 = {
						CreatedOnToolsVersion = 15.4;
					};
				};
			};
			buildConfigurationList = A10000000000000000000006 /* Build configuration list for PBXProject "PicoShop" */;
			compatibilityVersion = "Xcode 14.0";
			developmentRegion = ja;
			hasScannedForEncodings = 0;
			knownRegions = (
				en,
				ja,
				Base,
			);
			mainGroup = A10000000000000000000002;
			productRefGroup = A10000000000000000000003 /* Products */;
			projectDirPath = "";
			projectRoot = "";
			targets = (
				A10000000000000000000005 /* PicoShop */,
			);
		};
/* End PBXProject section */

/* Begin PBXResourcesBuildPhase section */
		A1000000000000000000000E /* Resources */ = {
			isa = PBXResourcesBuildPhase;
			buildActionMask = 2147483647;
			files = (
			);
			runOnlyForDeploymentPostprocessing = 0;
		};
/* End PBXResourcesBuildPhase section */

/* Begin PBXSourcesBuildPhase section */
		A1000000000000000000000C /* Sources */ = {
			isa = PBXSourcesBuildPhase;
			buildActionMask = 2147483647;
			files = (
				A10000000000000000000017 /* PicoShopApp.swift in Sources */,
				A10000000000000000000019 /* ProjectIO.swift in Sources */,
				A1000000000000000000001B /* ToolTypes.swift in Sources */,
				A1000000000000000000001F /* AppModel.swift in Sources */,
				A10000000000000000000064 /* AppModel+Startup.swift in Sources */,
				A10000000000000000000066 /* AppModel+LayerAccess.swift in Sources */,
				A10000000000000000000068 /* AppModel+Compositing.swift in Sources */,
				A1000000000000000000006A /* AppModel+Viewport.swift in Sources */,
				A1000000000000000000006C /* AppModel+Undo.swift in Sources */,
				A1000000000000000000006E /* AppModel+Keyboard.swift in Sources */,
				A10000000000000000000070 /* AppModel+TransformHandles.swift in Sources */,
				A10000000000000000000021 /* AppModel+File.swift in Sources */,
				A10000000000000000000050 /* AppModel+DocumentLayerOperations.swift in Sources */,
				A10000000000000000000052 /* AppModel+CanvasOperations.swift in Sources */,
				A10000000000000000000054 /* AppModel+SelectionOperations.swift in Sources */,
				A10000000000000000000056 /* AppModel+PixelEditOperations.swift in Sources */,
				A10000000000000000000058 /* AppModel+MoveTransformOperations.swift in Sources */,
				A10000000000000000000098 /* AppModel+AsyncTasks.swift in Sources */,
				A1000000000000000000005A /* AppModel+TransformOperations.swift in Sources */,
				A1000000000000000000005C /* AppModel+EditOperations.swift in Sources */,
				A10000000000000000000023 /* CanvasView.swift in Sources */,
				A10000000000000000000074 /* CanvasDragHandling.swift in Sources */,
				A10000000000000000000086 /* CanvasTransformDragging.swift in Sources */,
				A10000000000000000000076 /* CanvasInteraction.swift in Sources */,
				A10000000000000000000072 /* CanvasCursors.swift in Sources */,
				A10000000000000000000025 /* LoupeWindow.swift in Sources */,
				A1000000000000000000009D /* FloatingPanel.swift in Sources */,
				A10000000000000000000027 /* Helpers.swift in Sources */,
				A10000000000000000000029 /* Dialogs.swift in Sources */,
				A1000000000000000000002B /* ContentView.swift in Sources */,
				A1000000000000000000002D /* OptionsPanel.swift in Sources */,
				A1000000000000000000005E /* SelectionOptionsViews.swift in Sources */,
				A10000000000000000000060 /* TransformOptionsViews.swift in Sources */,
				A10000000000000000000090 /* TransformFieldMath.swift in Sources */,
				A10000000000000000000078 /* MoveTransformOptionsView.swift in Sources */,
				A1000000000000000000007A /* LayerMoveOptionsView.swift in Sources */,
				A1000000000000000000007C /* PixelTransformOptionsView.swift in Sources */,
				A10000000000000000000062 /* EditOptionsViews.swift in Sources */,
				A1000000000000000000002F /* SidePanel.swift in Sources */,
				A1000000000000000000008C /* LayerDetailView.swift in Sources */,
				A1000000000000000000008A /* LayerPalette.swift in Sources */,
				A10000000000000000000088 /* NavigatorPanel.swift in Sources */,
				A10000000000000000000031 /* TextRenderer.swift in Sources */,
				A10000000000000000000033 /* ColorRangeEngine.swift in Sources */,
				A10000000000000000000035 /* SelectionMask.swift in Sources */,
				A10000000000000000000037 /* PixelBuffer.swift in Sources */,
				A10000000000000000000096 /* PixelTransformEngine.swift in Sources */,
				A10000000000000000000039 /* Layer.swift in Sources */,
				A1000000000000000000003B /* HoverState.swift in Sources */,
				A1000000000000000000003D /* CanvasMetalView.swift in Sources */,
				A10000000000000000000092 /* MetalQuadEncoder.swift in Sources */,
				A1000000000000000000007E /* CanvasImageRenderer.swift in Sources */,
				A10000000000000000000080 /* CanvasOverlaySceneBuilder.swift in Sources */,
				A10000000000000000000094 /* CanvasOutlineRenderer.swift in Sources */,
				A10000000000000000000082 /* CanvasSelectionOverlayRenderer.swift in Sources */,
				A10000000000000000000084 /* CanvasRulerRenderer.swift in Sources */,
				A1000000000000000000003F /* GPUCompositor.swift in Sources */,
				A10000000000000000000041 /* LayerTextureStore.swift in Sources */,
				A1000000000000000000009A /* LayerThumbnailMetalView.swift in Sources */,
				A10000000000000000000043 /* LoupeMetalView.swift in Sources */,
				A10000000000000000000045 /* MetalEngine.swift in Sources */,
				A10000000000000000000047 /* NavigatorMetalView.swift in Sources */,
				A10000000000000000000049 /* OverlayRenderer.swift in Sources */,
				A1000000000000000000004B /* OverlayScene.swift in Sources */,
				A1000000000000000000004D /* ShaderSource.swift in Sources */,
			);
			runOnlyForDeploymentPostprocessing = 0;
		};
/* End PBXSourcesBuildPhase section */

/* Begin XCBuildConfiguration section */
		A10000000000000000000008 /* Debug */ = {
			isa = XCBuildConfiguration;
			buildSettings = {
				ALWAYS_SEARCH_USER_PATHS = NO;
				ASSETCATALOG_COMPILER_GENERATE_SWIFT_ASSET_SYMBOL_EXTENSIONS = YES;
				CLANG_ANALYZER_NONNULL = YES;
				CLANG_ANALYZER_NUMBER_OBJECT_CONVERSION = YES_AGGRESSIVE;
				CLANG_CXX_LANGUAGE_STANDARD = "gnu++20";
				CLANG_ENABLE_MODULES = YES;
				CLANG_ENABLE_OBJC_ARC = YES;
				CLANG_ENABLE_OBJC_WEAK = YES;
				CLANG_WARN_BLOCK_CAPTURE_AUTORELEASING = YES;
				CLANG_WARN_BOOL_CONVERSION = YES;
				CLANG_WARN_COMMA = YES;
				CLANG_WARN_CONSTANT_CONVERSION = YES;
				CLANG_WARN_DEPRECATED_OBJC_IMPLEMENTATIONS = YES;
				CLANG_WARN_DIRECT_OBJC_ISA_USAGE = YES_ERROR;
				CLANG_WARN_DOCUMENTATION_COMMENTS = YES;
				CLANG_WARN_EMPTY_BODY = YES;
				CLANG_WARN_ENUM_CONVERSION = YES;
				CLANG_WARN_INFINITE_RECURSION = YES;
				CLANG_WARN_INT_CONVERSION = YES;
				CLANG_WARN_NON_LITERAL_NULL_CONVERSION = YES;
				CLANG_WARN_OBJC_IMPLICIT_RETAIN_SELF = YES;
				CLANG_WARN_OBJC_LITERAL_CONVERSION = YES;
				CLANG_WARN_OBJC_ROOT_CLASS = YES_ERROR;
				CLANG_WARN_QUOTED_INCLUDE_IN_FRAMEWORK_HEADER = YES;
				CLANG_WARN_RANGE_LOOP_ANALYSIS = YES;
				CLANG_WARN_STRICT_PROTOTYPES = YES;
				CLANG_WARN_SUSPICIOUS_MOVE = YES;
				CLANG_WARN_UNGUARDED_AVAILABILITY = YES_AGGRESSIVE;
				CLANG_WARN_UNREACHABLE_CODE = YES;
				CLANG_WARN__DUPLICATE_METHOD_MATCH = YES;
				COPY_PHASE_STRIP = NO;
				DEBUG_INFORMATION_FORMAT = dwarf;
				ENABLE_STRICT_OBJC_MSGSEND = YES;
				ENABLE_TESTABILITY = YES;
				ENABLE_USER_SCRIPT_SANDBOXING = YES;
				GCC_C_LANGUAGE_STANDARD = gnu17;
				GCC_DYNAMIC_NO_PIC = NO;
				GCC_NO_COMMON_BLOCKS = YES;
				GCC_OPTIMIZATION_LEVEL = 0;
				GCC_PREPROCESSOR_DEFINITIONS = (
					"DEBUG=1",
					"$(inherited)",
				);
				GCC_WARN_64_TO_32_BIT_CONVERSION = YES;
				GCC_WARN_ABOUT_RETURN_TYPE = YES_ERROR;
				GCC_WARN_UNDECLARED_SELECTOR = YES;
				GCC_WARN_UNINITIALIZED_AUTOS = YES_AGGRESSIVE;
				GCC_WARN_UNUSED_FUNCTION = YES;
				GCC_WARN_UNUSED_VARIABLE = YES;
				LOCALIZATION_PREFERS_STRING_CATALOGS = YES;
				MACOSX_DEPLOYMENT_TARGET = 14.0;
				MTL_ENABLE_DEBUG_INFO = INCLUDE_SOURCE;
				MTL_FAST_MATH = YES;
				ONLY_ACTIVE_ARCH = YES;
				SDKROOT = macosx;
				SWIFT_ACTIVE_COMPILATION_CONDITIONS = "DEBUG $(inherited)";
				SWIFT_OPTIMIZATION_LEVEL = "-Onone";
			};
			name = Debug;
		};
		A10000000000000000000009 /* Release */ = {
			isa = XCBuildConfiguration;
			buildSettings = {
				ALWAYS_SEARCH_USER_PATHS = NO;
				ASSETCATALOG_COMPILER_GENERATE_SWIFT_ASSET_SYMBOL_EXTENSIONS = YES;
				CLANG_ANALYZER_NONNULL = YES;
				CLANG_ANALYZER_NUMBER_OBJECT_CONVERSION = YES_AGGRESSIVE;
				CLANG_CXX_LANGUAGE_STANDARD = "gnu++20";
				CLANG_ENABLE_MODULES = YES;
				CLANG_ENABLE_OBJC_ARC = YES;
				CLANG_ENABLE_OBJC_WEAK = YES;
				CLANG_WARN_BLOCK_CAPTURE_AUTORELEASING = YES;
				CLANG_WARN_BOOL_CONVERSION = YES;
				CLANG_WARN_COMMA = YES;
				CLANG_WARN_CONSTANT_CONVERSION = YES;
				CLANG_WARN_DEPRECATED_OBJC_IMPLEMENTATIONS = YES;
				CLANG_WARN_DIRECT_OBJC_ISA_USAGE = YES_ERROR;
				CLANG_WARN_DOCUMENTATION_COMMENTS = YES;
				CLANG_WARN_EMPTY_BODY = YES;
				CLANG_WARN_ENUM_CONVERSION = YES;
				CLANG_WARN_INFINITE_RECURSION = YES;
				CLANG_WARN_INT_CONVERSION = YES;
				CLANG_WARN_NON_LITERAL_NULL_CONVERSION = YES;
				CLANG_WARN_OBJC_IMPLICIT_RETAIN_SELF = YES;
				CLANG_WARN_OBJC_LITERAL_CONVERSION = YES;
				CLANG_WARN_OBJC_ROOT_CLASS = YES_ERROR;
				CLANG_WARN_QUOTED_INCLUDE_IN_FRAMEWORK_HEADER = YES;
				CLANG_WARN_RANGE_LOOP_ANALYSIS = YES;
				CLANG_WARN_STRICT_PROTOTYPES = YES;
				CLANG_WARN_SUSPICIOUS_MOVE = YES;
				CLANG_WARN_UNGUARDED_AVAILABILITY = YES_AGGRESSIVE;
				CLANG_WARN_UNREACHABLE_CODE = YES;
				CLANG_WARN__DUPLICATE_METHOD_MATCH = YES;
				COPY_PHASE_STRIP = NO;
				DEBUG_INFORMATION_FORMAT = "dwarf-with-dsym";
				ENABLE_NS_ASSERTIONS = NO;
				ENABLE_STRICT_OBJC_MSGSEND = YES;
				ENABLE_USER_SCRIPT_SANDBOXING = YES;
				GCC_C_LANGUAGE_STANDARD = gnu17;
				GCC_NO_COMMON_BLOCKS = YES;
				GCC_WARN_64_TO_32_BIT_CONVERSION = YES;
				GCC_WARN_ABOUT_RETURN_TYPE = YES_ERROR;
				GCC_WARN_UNDECLARED_SELECTOR = YES;
				GCC_WARN_UNINITIALIZED_AUTOS = YES_AGGRESSIVE;
				GCC_WARN_UNUSED_FUNCTION = YES;
				GCC_WARN_UNUSED_VARIABLE = YES;
				LOCALIZATION_PREFERS_STRING_CATALOGS = YES;
				MACOSX_DEPLOYMENT_TARGET = 14.0;
				MTL_FAST_MATH = YES;
				SDKROOT = macosx;
				SWIFT_COMPILATION_MODE = wholemodule;
			};
			name = Release;
		};
		A1000000000000000000000A /* Debug */ = {
			isa = XCBuildConfiguration;
			buildSettings = {
				CODE_SIGN_ENTITLEMENTS = PicoShop.entitlements;
				CODE_SIGN_STYLE = Automatic;
				COMBINE_HIDPI_IMAGES = YES;
				CURRENT_PROJECT_VERSION = 1;
				DEVELOPMENT_TEAM = "";
				ENABLE_HARDENED_RUNTIME = YES;
				ENABLE_PREVIEWS = YES;
				GENERATE_INFOPLIST_FILE = YES;
				INFOPLIST_KEY_CFBundleDevelopmentRegion = ja;
				INFOPLIST_KEY_CFBundleDisplayName = PicoShop;
				INFOPLIST_KEY_LSApplicationCategoryType = "public.app-category.graphics-design";
				INFOPLIST_KEY_NSHumanReadableCopyright = "";
				INFOPLIST_KEY_NSPrincipalClass = NSApplication;
				LD_RUNPATH_SEARCH_PATHS = (
					"$(inherited)",
					"@executable_path/../Frameworks",
				);
				MARKETING_VERSION = 1.0;
				PRODUCT_BUNDLE_IDENTIFIER = com.example.PicoShop;
				PRODUCT_NAME = "$(TARGET_NAME)";
				SWIFT_EMIT_LOC_STRINGS = YES;
				SWIFT_VERSION = 5.0;
			};
			name = Debug;
		};
		A1000000000000000000000B /* Release */ = {
			isa = XCBuildConfiguration;
			buildSettings = {
				CODE_SIGN_ENTITLEMENTS = PicoShop.entitlements;
				CODE_SIGN_STYLE = Automatic;
				COMBINE_HIDPI_IMAGES = YES;
				CURRENT_PROJECT_VERSION = 1;
				DEVELOPMENT_TEAM = "";
				ENABLE_HARDENED_RUNTIME = YES;
				ENABLE_PREVIEWS = YES;
				GENERATE_INFOPLIST_FILE = YES;
				INFOPLIST_KEY_CFBundleDevelopmentRegion = ja;
				INFOPLIST_KEY_CFBundleDisplayName = PicoShop;
				INFOPLIST_KEY_LSApplicationCategoryType = "public.app-category.graphics-design";
				INFOPLIST_KEY_NSHumanReadableCopyright = "";
				INFOPLIST_KEY_NSPrincipalClass = NSApplication;
				LD_RUNPATH_SEARCH_PATHS = (
					"$(inherited)",
					"@executable_path/../Frameworks",
				);
				MARKETING_VERSION = 1.0;
				PRODUCT_BUNDLE_IDENTIFIER = com.example.PicoShop;
				PRODUCT_NAME = "$(TARGET_NAME)";
				SWIFT_EMIT_LOC_STRINGS = YES;
				SWIFT_VERSION = 5.0;
			};
			name = Release;
		};
/* End XCBuildConfiguration section */

/* Begin XCConfigurationList section */
		A10000000000000000000006 /* Build configuration list for PBXProject "PicoShop" */ = {
			isa = XCConfigurationList;
			buildConfigurations = (
				A10000000000000000000008 /* Debug */,
				A10000000000000000000009 /* Release */,
			);
			defaultConfigurationIsVisible = 0;
			defaultConfigurationName = Release;
		};
		A10000000000000000000007 /* Build configuration list for PBXNativeTarget "PicoShop" */ = {
			isa = XCConfigurationList;
			buildConfigurations = (
				A1000000000000000000000A /* Debug */,
				A1000000000000000000000B /* Release */,
			);
			defaultConfigurationIsVisible = 0;
			defaultConfigurationName = Release;
		};
/* End XCConfigurationList section */

	};
	rootObject = A10000000000000000000001 /* Project object */;
}
